PODS:
  - Kingfisher (4.10.1)
  - SnapKit (4.2.0)
  - SZTableViewManager (0.1.2)

DEPENDENCIES:
  - Kingfisher
  - SnapKit
  - SZTableViewManager (from `../`)

SPEC REPOS:
  trunk:
    - Kingfisher
    - SnapKit

EXTERNAL SOURCES:
  SZTableViewManager:
    :path: "../"

SPEC CHECKSUMS:
  Kingfisher: c148cd7b47ebde9989f6bc7c27dcaa79d81279a0
  SnapKit: fe8a619752f3f27075cc9a90244d75c6c3f27e2a
  SZTableViewManager: 5a7924a4d12643ecb21c08b56c53652e56721750

PODFILE CHECKSUM: 841a92d6e7dc50e1ba6c374063203512681c7c2d

COCOAPODS: 1.11.3
