PODS:
  - SnapKit (4.2.0)
  - SZTableViewManager (0.1)

DEPENDENCIES:
  - SnapKit
  - SZTableViewManager (from `../`)

SPEC REPOS:
  trunk:
    - SnapKit

EXTERNAL SOURCES:
  SZTableViewManager:
    :path: "../"

SPEC CHECKSUMS:
  SnapKit: fe8a619752f3f27075cc9a90244d75c6c3f27e2a
  SZTableViewManager: 2bd9bbeabaf277c16ba1309901958f6cc11fd6f4

PODFILE CHECKSUM: 00dd75408b76f843ced0e868060b93214d912597

COCOAPODS: 1.11.3
